
Microsoft Visual Studio Solution File, Format Version 12.00
# Visual Studio Version 17
VisualStudioVersion = 17.4.33213.308
MinimumVisualStudioVersion = 10.0.40219.1
Project("{FAE04EC0-301F-11D3-BF4B-00C04F79EFBC}") = "Day18-kocke", "Day18-kocke\Day18-kocke.csproj", "{C3D697E5-0893-4DE2-BE79-0E75DCD67A96}"
EndProject
Global
	GlobalSection(SolutionConfigurationPlatforms) = preSolution
		Debug|Any CPU = Debug|Any CPU
		Release|Any CPU = Release|Any CPU
	EndGlobalSection
	GlobalSection(ProjectConfigurationPlatforms) = postSolution
		{C3D697E5-0893-4DE2-BE79-0E75DCD67A96}.Debug|Any CPU.ActiveCfg = Debug|Any CPU
		{C3D697E5-0893-4DE2-BE79-0E75DCD67A96}.Debug|Any CPU.Build.0 = Debug|Any CPU
		{C3D697E5-0893-4DE2-BE79-0E75DCD67A96}.Release|Any CPU.ActiveCfg = Release|Any CPU
		{C3D697E5-0893-4DE2-BE79-0E75DCD67A96}.Release|Any CPU.Build.0 = Release|Any CPU
	EndGlobalSection
	GlobalSection(SolutionProperties) = preSolution
		HideSolutionNode = FALSE
	EndGlobalSection
	GlobalSection(ExtensibilityGlobals) = postSolution
		SolutionGuid = {8AA71BE8-816D-4F0B-B2B6-6112C5EFAA7A}
	EndGlobalSection
EndGlobal
